// !$*UTF8*$!
{
	archiveVersion = 1;
	classes = {
	};
	objectVersion = 46;
	objects = {

/* Begin PBXBuildFile section */
		1F042B201FBE066600FFA236 /* NewViewController.swift in Sources */ = {isa = PBXBuildFile; fileRef = 1F042B1F1FBE066600FFA236 /* NewViewController.swift */; };
		1F95F1D61F72995D003A395E /* AppDelegate.swift in Sources */ = {isa = PBXBuildFile; fileRef = 1F95F1D51F72995D003A395E /* AppDelegate.swift */; };
		1F95F1D81F72995D003A395E /* ViewController.swift in Sources */ = {isa = PBXBuildFile; fileRef = 1F95F1D71F72995D003A395E /* ViewController.swift */; };
		1F95F1DB1F72995D003A395E /* Main.storyboard in Resources */ = {isa = PBXBuildFile; fileRef = 1F95F1D91F72995D003A395E /* Main.storyboard */; };
		1F95F1DD1F72995D003A395E /* Assets.xcassets in Resources */ = {isa = PBXBuildFile; fileRef = 1F95F1DC1F72995D003A395E /* Assets.xcassets */; };
		1F95F1E01F72995D003A395E /* LaunchScreen.storyboard in Resources */ = {isa = PBXBuildFile; fileRef = 1F95F1DE1F72995D003A395E /* LaunchScreen.storyboard */; };
		C9A6846B341B79A920477FC6 /* Pods_webSocetTest.framework in Frameworks */ = {isa = PBXBuildFile; fileRef = C4FBF02271A0D4A047D69BBB /* Pods_webSocetTest.framework */; };
/* End PBXBuildFile section */

/* Begin PBXFileReference section */
		1F042B1F1FBE066600FFA236 /* NewViewController.swift */ = {isa = PBXFileReference; lastKnownFileType = sourcecode.swift; path = NewViewController.swift; sourceTree = "<group>"; };
		1F95F1D21F72995D003A395E /* webSocetTest.app */ = {isa = PBXFileReference; explicitFileType = wrapper.application; includeInIndex = 0; path = webSocetTest.app; sourceTree = BUILT_PRODUCTS_DIR; };
		1F95F1D51F72995D003A395E /* AppDelegate.swift */ = {isa = PBXFileReference; lastKnownFileType = sourcecode.swift; path = AppDelegate.swift; sourceTree = "<group>"; };
		1F95F1D71F72995D003A395E /* ViewController.swift */ = {isa = PBXFileReference; lastKnownFileType = sourcecode.swift; path = ViewController.swift; sourceTree = "<group>"; };
		1F95F1DA1F72995D003A395E /* Base */ = {isa = PBXFileReference; lastKnownFileType = file.storyboard; name = Base; path = Base.lproj/Main.storyboard; sourceTree = "<group>"; };
		1F95F1DC1F72995D003A395E /* Assets.xcassets */ = {isa = PBXFileReference; lastKnownFileType = folder.assetcatalog; path = Assets.xcassets; sourceTree = "<group>"; };
		1F95F1DF1F72995D003A395E /* Base */ = {isa = PBXFileReference; lastKnownFileType = file.storyboard; name = Base; path = Base.lproj/LaunchScreen.storyboard; sourceTree = "<group>"; };
		1F95F1E11F72995D003A395E /* Info.plist */ = {isa = PBXFileReference; lastKnownFileType = text.plist.xml; path = Info.plist; sourceTree = "<group>"; };
		6FAF91C5285D723DF3A15F7C /* Pods-webSocetTest.release.xcconfig */ = {isa = PBXFileReference; includeInIndex = 1; lastKnownFileType = text.xcconfig; name = "Pods-webSocetTest.release.xcconfig"; path = "Pods/Target Support Files/Pods-webSocetTest/Pods-webSocetTest.release.xcconfig"; sourceTree = "<group>"; };
		C4FBF02271A0D4A047D69BBB /* Pods_webSocetTest.framework */ = {isa = PBXFileReference; explicitFileType = wrapper.framework; includeInIndex = 0; path = Pods_webSocetTest.framework; sourceTree = BUILT_PRODUCTS_DIR; };
		FC79DC7335FE04FA4AF7EE07 /* Pods-webSocetTest.debug.xcconfig */ = {isa = PBXFileReference; includeInIndex = 1; lastKnownFileType = text.xcconfig; name = "Pods-webSocetTest.debug.xcconfig"; path = "Pods/Target Support Files/Pods-webSocetTest/Pods-webSocetTest.debug.xcconfig"; sourceTree = "<group>"; };
/* End PBXFileReference section */

/* Begin PBXFrameworksBuildPhase section */
		1F95F1CF1F72995D003A395E /* Frameworks */ = {
			isa = PBXFrameworksBuildPhase;
			buildActionMask = 2147483647;
			files = (
				C9A6846B341B79A920477FC6 /* Pods_webSocetTest.framework in Frameworks */,
			);
			runOnlyForDeploymentPostprocessing = 0;
		};
/* End PBXFrameworksBuildPhase section */

/* Begin PBXGroup section */
		1F95F1C91F72995D003A395E = {
			isa = PBXGroup;
			children = (
				1F95F1D41F72995D003A395E /* webSocetTest */,
				1F95F1D31F72995D003A395E /* Products */,
				753695CEA4A5FEC030D14897 /* Pods */,
				24127086872470EE45AD05D5 /* Frameworks */,
			);
			sourceTree = "<group>";
		};
		1F95F1D31F72995D003A395E /* Products */ = {
			isa = PBXGroup;
			children = (
				1F95F1D21F72995D003A395E /* webSocetTest.app */,
			);
			name = Products;
			sourceTree = "<group>";
		};
		1F95F1D41F72995D003A395E /* webSocetTest */ = {
			isa = PBXGroup;
			children = (
				1F95F1D51F72995D003A395E /* AppDelegate.swift */,
				1F95F1D71F72995D003A395E /* ViewController.swift */,
				1F042B1F1FBE066600FFA236 /* NewViewController.swift */,
				1F95F1D91F72995D003A395E /* Main.storyboard */,
				1F95F1DC1F72995D003A395E /* Assets.xcassets */,
				1F95F1DE1F72995D003A395E /* LaunchScreen.storyboard */,
				1F95F1E11F72995D003A395E /* Info.plist */,
			);
			path = webSocetTest;
			sourceTree = "<group>";
		};
		24127086872470EE45AD05D5 /* Frameworks */ = {
			isa = PBXGroup;
			children = (
				C4FBF02271A0D4A047D69BBB /* Pods_webSocetTest.framework */,
			);
			name = Frameworks;
			sourceTree = "<group>";
		};
		753695CEA4A5FEC030D14897 /* Pods */ = {
			isa = PBXGroup;
			children = (
				FC79DC7335FE04FA4AF7EE07 /* Pods-webSocetTest.debug.xcconfig */,
				6FAF91C5285D723DF3A15F7C /* Pods-webSocetTest.release.xcconfig */,
			);
			name = Pods;
			sourceTree = "<group>";
		};
/* End PBXGroup section */

/* Begin PBXNativeTarget section */
		1F95F1D11F72995D003A395E /* webSocetTest */ = {
			isa = PBXNativeTarget;
			buildConfigurationList = 1F95F1E41F72995D003A395E /* Build configuration list for PBXNativeTarget "webSocetTest" */;
			buildPhases = (
				780DC275FB20D77DF57C0AF3 /* [CP] Check Pods Manifest.lock */,
				1F95F1CE1F72995D003A395E /* Sources */,
				1F95F1CF1F72995D003A395E /* Frameworks */,
				1F95F1D01F72995D003A395E /* Resources */,
				45318E85F4F7FA897CE62ABF /* [CP] Embed Pods Frameworks */,
				65BA12731E1B883A733F9DFD /* [CP] Copy Pods Resources */,
			);
			buildRules = (
			);
			dependencies = (
			);
			name = webSocetTest;
			productName = webSocetTest;
			productReference = 1F95F1D21F72995D003A395E /* webSocetTest.app */;
			productType = "com.apple.product-type.application";
		};
/* End PBXNativeTarget section */

/* Begin PBXProject section */
		1F95F1CA1F72995D003A395E /* Project object */ = {
			isa = PBXProject;
			attributes = {
				LastSwiftUpdateCheck = 0830;
				LastUpgradeCheck = 0830;
				ORGANIZATIONNAME = "Kirill Lukyanov";
				TargetAttributes = {
					1F95F1D11F72995D003A395E = {
						CreatedOnToolsVersion = 8.3.3;
						DevelopmentTeam = 257R75DVT3;
						ProvisioningStyle = Automatic;
					};
				};
			};
			buildConfigurationList = 1F95F1CD1F72995D003A395E /* Build configuration list for PBXProject "webSocetTest" */;
			compatibilityVersion = "Xcode 3.2";
			developmentRegion = English;
			hasScannedForEncodings = 0;
			knownRegions = (
				en,
				Base,
			);
			mainGroup = 1F95F1C91F72995D003A395E;
			productRefGroup = 1F95F1D31F72995D003A395E /* Products */;
			projectDirPath = "";
			projectRoot = "";
			targets = (
				1F95F1D11F72995D003A395E /* webSocetTest */,
			);
		};
/* End PBXProject section */

/* Begin PBXResourcesBuildPhase section */
		1F95F1D01F72995D003A395E /* Resources */ = {
			isa = PBXResourcesBuildPhase;
			buildActionMask = 2147483647;
			files = (
				1F95F1E01F72995D003A395E /* LaunchScreen.storyboard in Resources */,
				1F95F1DD1F72995D003A395E /* Assets.xcassets in Resources */,
				1F95F1DB1F72995D003A395E /* Main.storyboard in Resources */,
			);
			runOnlyForDeploymentPostprocessing = 0;
		};
/* End PBXResourcesBuildPhase section */

/* Begin PBXShellScriptBuildPhase section */
		45318E85F4F7FA897CE62ABF /* [CP] Embed Pods Frameworks */ = {
			isa = PBXShellScriptBuildPhase;
			buildActionMask = 2147483647;
			files = (
			);
			inputPaths = (
				"${SRCROOT}/Pods/Target Support Files/Pods-webSocetTest/Pods-webSocetTest-frameworks.sh",
				"${BUILT_PRODUCTS_DIR}/SocketRocket/SocketRocket.framework",
				"${BUILT_PRODUCTS_DIR}/Starscream/Starscream.framework",
				"${BUILT_PRODUCTS_DIR}/SwiftWebSocket/SwiftWebSocket.framework",
				"${BUILT_PRODUCTS_DIR}/SwiftyJSON/SwiftyJSON.framework",
			);
			name = "[CP] Embed Pods Frameworks";
			outputPaths = (
				"${TARGET_BUILD_DIR}/${FRAMEWORKS_FOLDER_PATH}/SocketRocket.framework",
				"${TARGET_BUILD_DIR}/${FRAMEWORKS_FOLDER_PATH}/Starscream.framework",
				"${TARGET_BUILD_DIR}/${FRAMEWORKS_FOLDER_PATH}/SwiftWebSocket.framework",
				"${TARGET_BUILD_DIR}/${FRAMEWORKS_FOLDER_PATH}/SwiftyJSON.framework",
			);
			runOnlyForDeploymentPostprocessing = 0;
			shellPath = /bin/sh;
			shellScript = "\"${SRCROOT}/Pods/Target Support Files/Pods-webSocetTest/Pods-webSocetTest-frameworks.sh\"\n";
			showEnvVarsInLog = 0;
		};
		65BA12731E1B883A733F9DFD /* [CP] Copy Pods Resources */ = {
			isa = PBXShellScriptBuildPhase;
			buildActionMask = 2147483647;
			files = (
			);
			inputPaths = (
			);
			name = "[CP] Copy Pods Resources";
			outputPaths = (
			);
			runOnlyForDeploymentPostprocessing = 0;
			shellPath = /bin/sh;
			shellScript = "\"${SRCROOT}/Pods/Target Support Files/Pods-webSocetTest/Pods-webSocetTest-resources.sh\"\n";
			showEnvVarsInLog = 0;
		};
		780DC275FB20D77DF57C0AF3 /* [CP] Check Pods Manifest.lock */ = {
			isa = PBXShellScriptBuildPhase;
			buildActionMask = 2147483647;
			files = (
			);
			inputPaths = (
				"${PODS_PODFILE_DIR_PATH}/Podfile.lock",
				"${PODS_ROOT}/Manifest.lock",
			);
			name = "[CP] Check Pods Manifest.lock";
			outputPaths = (
				"$(DERIVED_FILE_DIR)/Pods-webSocetTest-checkManifestLockResult.txt",
			);
			runOnlyForDeploymentPostprocessing = 0;
			shellPath = /bin/sh;
			shellScript = "diff \"${PODS_PODFILE_DIR_PATH}/Podfile.lock\" \"${PODS_ROOT}/Manifest.lock\" > /dev/null\nif [ $? != 0 ] ; then\n    # print error to STDERR\n    echo \"error: The sandbox is not in sync with the Podfile.lock. Run 'pod install' or update your CocoaPods installation.\" >&2\n    exit 1\nfi\n# This output is used by Xcode 'outputs' to avoid re-running this script phase.\necho \"SUCCESS\" > \"${SCRIPT_OUTPUT_FILE_0}\"\n";
			showEnvVarsInLog = 0;
		};
/* End PBXShellScriptBuildPhase section */

/* Begin PBXSourcesBuildPhase section */
		1F95F1CE1F72995D003A395E /* Sources */ = {
			isa = PBXSourcesBuildPhase;
			buildActionMask = 2147483647;
			files = (
				1F042B201FBE066600FFA236 /* NewViewController.swift in Sources */,
				1F95F1D81F72995D003A395E /* ViewController.swift in Sources */,
				1F95F1D61F72995D003A395E /* AppDelegate.swift in Sources */,
			);
			runOnlyForDeploymentPostprocessing = 0;
		};
/* End PBXSourcesBuildPhase section */

/* Begin PBXVariantGroup section */
		1F95F1D91F72995D003A395E /* Main.storyboard */ = {
			isa = PBXVariantGroup;
			children = (
				1F95F1DA1F72995D003A395E /* Base */,
			);
			name = Main.storyboard;
			sourceTree = "<group>";
		};
		1F95F1DE1F72995D003A395E /* LaunchScreen.storyboard */ = {
			isa = PBXVariantGroup;
			children = (
				1F95F1DF1F72995D003A395E /* Base */,
			);
			name = LaunchScreen.storyboard;
			sourceTree = "<group>";
		};
/* End PBXVariantGroup section */

/* Begin XCBuildConfiguration section */
		1F95F1E21F72995D003A395E /* Debug */ = {
			isa = XCBuildConfiguration;
			buildSettings = {
				ALWAYS_SEARCH_USER_PATHS = NO;
				CLANG_ANALYZER_NONNULL = YES;
				CLANG_ANALYZER_NUMBER_OBJECT_CONVERSION = YES_AGGRESSIVE;
				CLANG_CXX_LANGUAGE_STANDARD = "gnu++0x";
				CLANG_CXX_LIBRARY = "libc++";
				CLANG_ENABLE_MODULES = YES;
				CLANG_ENABLE_OBJC_ARC = YES;
				CLANG_WARN_BOOL_CONVERSION = YES;
				CLANG_WARN_CONSTANT_CONVERSION = YES;
				CLANG_WARN_DIRECT_OBJC_ISA_USAGE = YES_ERROR;
				CLANG_WARN_DOCUMENTATION_COMMENTS = YES;
				CLANG_WARN_EMPTY_BODY = YES;
				CLANG_WARN_ENUM_CONVERSION = YES;
				CLANG_WARN_INFINITE_RECURSION = YES;
				CLANG_WARN_INT_CONVERSION = YES;
				CLANG_WARN_OBJC_ROOT_CLASS = YES_ERROR;
				CLANG_WARN_SUSPICIOUS_MOVE = YES;
				CLANG_WARN_UNREACHABLE_CODE = YES;
				CLANG_WARN__DUPLICATE_METHOD_MATCH = YES;
				"CODE_SIGN_IDENTITY[sdk=iphoneos*]" = "iPhone Developer";
				COPY_PHASE_STRIP = NO;
				DEBUG_INFORMATION_FORMAT = dwarf;
				ENABLE_STRICT_OBJC_MSGSEND = YES;
				ENABLE_TESTABILITY = YES;
				GCC_C_LANGUAGE_STANDARD = gnu99;
				GCC_DYNAMIC_NO_PIC = NO;
				GCC_NO_COMMON_BLOCKS = YES;
				GCC_OPTIMIZATION_LEVEL = 0;
				GCC_PREPROCESSOR_DEFINITIONS = (
					"DEBUG=1",
					"$(inherited)",
				);
				GCC_WARN_64_TO_32_BIT_CONVERSION = YES;
				GCC_WARN_ABOUT_RETURN_TYPE = YES_ERROR;
				GCC_WARN_UNDECLARED_SELECTOR = YES;
				GCC_WARN_UNINITIALIZED_AUTOS = YES_AGGRESSIVE;
				GCC_WARN_UNUSED_FUNCTION = YES;
				GCC_WARN_UNUSED_VARIABLE = YES;
				IPHONEOS_DEPLOYMENT_TARGET = 10.3;
				MTL_ENABLE_DEBUG_INFO = YES;
				ONLY_ACTIVE_ARCH = YES;
				SDKROOT = iphoneos;
				SWIFT_ACTIVE_COMPILATION_CONDITIONS = DEBUG;
				SWIFT_OPTIMIZATION_LEVEL = "-Onone";
			};
			name = Debug;
		};
		1F95F1E31F72995D003A395E /* Release */ = {
			isa = XCBuildConfiguration;
			buildSettings = {
				ALWAYS_SEARCH_USER_PATHS = NO;
				CLANG_ANALYZER_NONNULL = YES;
				CLANG_ANALYZER_NUMBER_OBJECT_CONVERSION = YES_AGGRESSIVE;
				CLANG_CXX_LANGUAGE_STANDARD = "gnu++0x";
				CLANG_CXX_LIBRARY = "libc++";
				CLANG_ENABLE_MODULES = YES;
				CLANG_ENABLE_OBJC_ARC = YES;
				CLANG_WARN_BOOL_CONVERSION = YES;
				CLANG_WARN_CONSTANT_CONVERSION = YES;
				CLANG_WARN_DIRECT_OBJC_ISA_USAGE = YES_ERROR;
				CLANG_WARN_DOCUMENTATION_COMMENTS = YES;
				CLANG_WARN_EMPTY_BODY = YES;
				CLANG_WARN_ENUM_CONVERSION = YES;
				CLANG_WARN_INFINITE_RECURSION = YES;
				CLANG_WARN_INT_CONVERSION = YES;
				CLANG_WARN_OBJC_ROOT_CLASS = YES_ERROR;
				CLANG_WARN_SUSPICIOUS_MOVE = YES;
				CLANG_WARN_UNREACHABLE_CODE = YES;
				CLANG_WARN__DUPLICATE_METHOD_MATCH = YES;
				"CODE_SIGN_IDENTITY[sdk=iphoneos*]" = "iPhone Developer";
				COPY_PHASE_STRIP = NO;
				DEBUG_INFORMATION_FORMAT = "dwarf-with-dsym";
				ENABLE_NS_ASSERTIONS = NO;
				ENABLE_STRICT_OBJC_MSGSEND = YES;
				GCC_C_LANGUAGE_STANDARD = gnu99;
				GCC_NO_COMMON_BLOCKS = YES;
				GCC_WARN_64_TO_32_BIT_CONVERSION = YES;
				GCC_WARN_ABOUT_RETURN_TYPE = YES_ERROR;
				GCC_WARN_UNDECLARED_SELECTOR = YES;
				GCC_WARN_UNINITIALIZED_AUTOS = YES_AGGRESSIVE;
				GCC_WARN_UNUSED_FUNCTION = YES;
				GCC_WARN_UNUSED_VARIABLE = YES;
				IPHONEOS_DEPLOYMENT_TARGET = 10.3;
				MTL_ENABLE_DEBUG_INFO = NO;
				SDKROOT = iphoneos;
				SWIFT_OPTIMIZATION_LEVEL = "-Owholemodule";
				VALIDATE_PRODUCT = YES;
			};
			name = Release;
		};
		1F95F1E51F72995D003A395E /* Debug */ = {
			isa = XCBuildConfiguration;
			baseConfigurationReference = FC79DC7335FE04FA4AF7EE07 /* Pods-webSocetTest.debug.xcconfig */;
			buildSettings = {
				ASSETCATALOG_COMPILER_APPICON_NAME = AppIcon;
				DEVELOPMENT_TEAM = 257R75DVT3;
				INFOPLIST_FILE = webSocetTest/Info.plist;
				LD_RUNPATH_SEARCH_PATHS = "$(inherited) @executable_path/Frameworks";
				PRODUCT_BUNDLE_IDENTIFIER = home.webSocetTest;
				PRODUCT_NAME = "$(TARGET_NAME)";
				SWIFT_VERSION = 3.0;
			};
			name = Debug;
		};
		1F95F1E61F72995D003A395E /* Release */ = {
			isa = XCBuildConfiguration;
			baseConfigurationReference = 6FAF91C5285D723DF3A15F7C /* Pods-webSocetTest.release.xcconfig */;
			buildSettings = {
				ASSETCATALOG_COMPILER_APPICON_NAME = AppIcon;
				DEVELOPMENT_TEAM = 257R75DVT3;
				INFOPLIST_FILE = webSocetTest/Info.plist;
				LD_RUNPATH_SEARCH_PATHS = "$(inherited) @executable_path/Frameworks";
				PRODUCT_BUNDLE_IDENTIFIER = home.webSocetTest;
				PRODUCT_NAME = "$(TARGET_NAME)";
				SWIFT_VERSION = 3.0;
			};
			name = Release;
		};
/* End XCBuildConfiguration section */

/* Begin XCConfigurationList section */
		1F95F1CD1F72995D003A395E /* Build configuration list for PBXProject "webSocetTest" */ = {
			isa = XCConfigurationList;
			buildConfigurations = (
				1F95F1E21F72995D003A395E /* Debug */,
				1F95F1E31F72995D003A395E /* Release */,
			);
			defaultConfigurationIsVisible = 0;
			defaultConfigurationName = Release;
		};
		1F95F1E41F72995D003A395E /* Build configuration list for PBXNativeTarget "webSocetTest" */ = {
			isa = XCConfigurationList;
			buildConfigurations = (
				1F95F1E51F72995D003A395E /* Debug */,
				1F95F1E61F72995D003A395E /* Release */,
			);
			defaultConfigurationIsVisible = 0;
			defaultConfigurationName = Release;
		};
/* End XCConfigurationList section */
	};
	rootObject = 1F95F1CA1F72995D003A395E /* Project object */;
}
